{
  "name": "@joaoachao/librarytest",
  "version": "1.0.0",
  "lockfileVersion": 3,
  "requires": true,
  "packages": {
    "": {
      "name": "@joaoachao/librarytest",
      "version": "1.0.0",
      "license": "ISC",
      "devDependencies": {}
    }
  },
  "publishConfig": "https://github.com/felipeachao/package-test.git"
}
